
Microsoft Visual Studio Solution File, Format Version 12.00
# Visual Studio Version 16
VisualStudioVersion = 16.0.30907.101
MinimumVisualStudioVersion = 10.0.40219.1
Project("{FAE04EC0-301F-11D3-BF4B-00C04F79EFBC}") = "MyInventory", "MyInventory.csproj", "{589CAFEE-1A49-4362-AA73-72F67297079B}"
EndProject
Global
	GlobalSection(SolutionConfigurationPlatforms) = preSolution
		Debug|Any CPU = Debug|Any CPU
		Release|Any CPU = Release|Any CPU
	EndGlobalSection
	GlobalSection(ProjectConfigurationPlatforms) = postSolution
		{589CAFEE-1A49-4362-AA73-72F67297079B}.Debug|Any CPU.ActiveCfg = Debug|Any CPU
		{589CAFEE-1A49-4362-AA73-72F67297079B}.Debug|Any CPU.Build.0 = Debug|Any CPU
		{589CAFEE-1A49-4362-AA73-72F67297079B}.Release|Any CPU.ActiveCfg = Release|Any CPU
		{589CAFEE-1A49-4362-AA73-72F67297079B}.Release|Any CPU.Build.0 = Release|Any CPU
	EndGlobalSection
	GlobalSection(SolutionProperties) = preSolution
		HideSolutionNode = FALSE
	EndGlobalSection
	GlobalSection(ExtensibilityGlobals) = postSolution
		SolutionGuid = {ADBA2AC4-0FA0-4A9A-A24C-AAF58FB7B2BF}
	EndGlobalSection
EndGlobal
